
Microsoft Visual Studio Solution File, Format Version 12.00
# Visual Studio Version 17
VisualStudioVersion = 17.4.33213.308
MinimumVisualStudioVersion = 10.0.40219.1
Project("{FAE04EC0-301F-11D3-BF4B-00C04F79EFBC}") = "ListOfProducts", "ListOfProducts\ListOfProducts.csproj", "{B5F2EA6A-5116-4D55-BB46-F103F25F29DC}"
EndProject
Global
	GlobalSection(SolutionConfigurationPlatforms) = preSolution
		Debug|Any CPU = Debug|Any CPU
		Release|Any CPU = Release|Any CPU
	EndGlobalSection
	GlobalSection(ProjectConfigurationPlatforms) = postSolution
		{B5F2EA6A-5116-4D55-BB46-F103F25F29DC}.Debug|Any CPU.ActiveCfg = Debug|Any CPU
		{B5F2EA6A-5116-4D55-BB46-F103F25F29DC}.Debug|Any CPU.Build.0 = Debug|Any CPU
		{B5F2EA6A-5116-4D55-BB46-F103F25F29DC}.Release|Any CPU.ActiveCfg = Release|Any CPU
		{B5F2EA6A-5116-4D55-BB46-F103F25F29DC}.Release|Any CPU.Build.0 = Release|Any CPU
	EndGlobalSection
	GlobalSection(SolutionProperties) = preSolution
		HideSolutionNode = FALSE
	EndGlobalSection
	GlobalSection(ExtensibilityGlobals) = postSolution
		SolutionGuid = {3985A1F5-C727-4594-88C9-8B36715679D3}
	EndGlobalSection
EndGlobal
