
Microsoft Visual Studio Solution File, Format Version 12.00
# Visual Studio Version 17
VisualStudioVersion = 17.4.33213.308
MinimumVisualStudioVersion = 10.0.40219.1
Project("{FAE04EC0-301F-11D3-BF4B-00C04F79EFBC}") = "Remove Negatives and Reverse", "Remove Negatives and Reverse\Remove Negatives and Reverse.csproj", "{D2DD79D7-327D-4785-868C-2542516718BA}"
EndProject
Global
	GlobalSection(SolutionConfigurationPlatforms) = preSolution
		Debug|Any CPU = Debug|Any CPU
		Release|Any CPU = Release|Any CPU
	EndGlobalSection
	GlobalSection(ProjectConfigurationPlatforms) = postSolution
		{D2DD79D7-327D-4785-868C-2542516718BA}.Debug|Any CPU.ActiveCfg = Debug|Any CPU
		{D2DD79D7-327D-4785-868C-2542516718BA}.Debug|Any CPU.Build.0 = Debug|Any CPU
		{D2DD79D7-327D-4785-868C-2542516718BA}.Release|Any CPU.ActiveCfg = Release|Any CPU
		{D2DD79D7-327D-4785-868C-2542516718BA}.Release|Any CPU.Build.0 = Release|Any CPU
	EndGlobalSection
	GlobalSection(SolutionProperties) = preSolution
		HideSolutionNode = FALSE
	EndGlobalSection
	GlobalSection(ExtensibilityGlobals) = postSolution
		SolutionGuid = {999F6364-DC5E-48D5-952E-26FD2B48889A}
	EndGlobalSection
EndGlobal
